
Microsoft Visual Studio Solution File, Format Version 12.00
# Visual Studio Version 17
VisualStudioVersion = 17.10.35013.160
MinimumVisualStudioVersion = 10.0.40219.1
Project("{FAE04EC0-301F-11D3-BF4B-00C04F79EFBC}") = "API", "API\API.csproj", "{429FEC2A-B39B-4200-A231-802BC11526F8}"
EndProject
Global
	GlobalSection(SolutionConfigurationPlatforms) = preSolution
		Debug|Any CPU = Debug|Any CPU
		Release|Any CPU = Release|Any CPU
	EndGlobalSection
	GlobalSection(ProjectConfigurationPlatforms) = postSolution
		{429FEC2A-B39B-4200-A231-802BC11526F8}.Debug|Any CPU.ActiveCfg = Debug|Any CPU
		{429FEC2A-B39B-4200-A231-802BC11526F8}.Debug|Any CPU.Build.0 = Debug|Any CPU
		{429FEC2A-B39B-4200-A231-802BC11526F8}.Release|Any CPU.ActiveCfg = Release|Any CPU
		{429FEC2A-B39B-4200-A231-802BC11526F8}.Release|Any CPU.Build.0 = Release|Any CPU
	EndGlobalSection
	GlobalSection(SolutionProperties) = preSolution
		HideSolutionNode = FALSE
	EndGlobalSection
	GlobalSection(ExtensibilityGlobals) = postSolution
		SolutionGuid = {92EF7E40-A0EB-47BF-BE03-1FF939BB9EB8}
	EndGlobalSection
EndGlobal
